
Microsoft Visual Studio Solution File, Format Version 12.00
# Visual Studio 14
VisualStudioVersion = 14.0.25420.1
MinimumVisualStudioVersion = 10.0.40219.1
Project("{8BC9CEB8-8B4A-11D0-8D11-00A0C91BC942}") = "ReSearchIE", "researchie\ReSearchIE.vcxproj", "{95904C85-4468-4257-B3CC-D3A1860562F1}"
EndProject
Project("{8BC9CEB8-8B4A-11D0-8D11-00A0C91BC942}") = "cpprestsdk140.static", "external\cpprestsdk\cpprestsdk.vcxproj", "{79C9BBEC-D7C9-4BA3-B2B3-5C3A14A9F24A}"
EndProject
Global
	GlobalSection(SharedMSBuildProjectFiles) = preSolution
		external\cpprestsdk\src\Release\src\build\common.vcxitems*{79c9bbec-d7c9-4ba3-b2b3-5c3a14a9f24a}*SharedItemsImports = 4
		external\cpprestsdk\src\Release\src\build\win32.vcxitems*{79c9bbec-d7c9-4ba3-b2b3-5c3a14a9f24a}*SharedItemsImports = 4
	EndGlobalSection
	GlobalSection(SolutionConfigurationPlatforms) = preSolution
		Debug|x64 = Debug|x64
		Debug|x86 = Debug|x86
		Release|x64 = Release|x64
		Release|x86 = Release|x86
	EndGlobalSection
	GlobalSection(ProjectConfigurationPlatforms) = postSolution
		{95904C85-4468-4257-B3CC-D3A1860562F1}.Debug|x64.ActiveCfg = Debug|x64
		{95904C85-4468-4257-B3CC-D3A1860562F1}.Debug|x64.Build.0 = Debug|x64
		{95904C85-4468-4257-B3CC-D3A1860562F1}.Debug|x86.ActiveCfg = Debug|Win32
		{95904C85-4468-4257-B3CC-D3A1860562F1}.Debug|x86.Build.0 = Debug|Win32
		{95904C85-4468-4257-B3CC-D3A1860562F1}.Release|x64.ActiveCfg = Release|x64
		{95904C85-4468-4257-B3CC-D3A1860562F1}.Release|x64.Build.0 = Release|x64
		{95904C85-4468-4257-B3CC-D3A1860562F1}.Release|x86.ActiveCfg = Release|Win32
		{95904C85-4468-4257-B3CC-D3A1860562F1}.Release|x86.Build.0 = Release|Win32
		{79C9BBEC-D7C9-4BA3-B2B3-5C3A14A9F24A}.Debug|x64.ActiveCfg = Debug|x64
		{79C9BBEC-D7C9-4BA3-B2B3-5C3A14A9F24A}.Debug|x64.Build.0 = Debug|x64
		{79C9BBEC-D7C9-4BA3-B2B3-5C3A14A9F24A}.Debug|x86.ActiveCfg = Debug|Win32
		{79C9BBEC-D7C9-4BA3-B2B3-5C3A14A9F24A}.Debug|x86.Build.0 = Debug|Win32
		{79C9BBEC-D7C9-4BA3-B2B3-5C3A14A9F24A}.Release|x64.ActiveCfg = Release|x64
		{79C9BBEC-D7C9-4BA3-B2B3-5C3A14A9F24A}.Release|x64.Build.0 = Release|x64
		{79C9BBEC-D7C9-4BA3-B2B3-5C3A14A9F24A}.Release|x86.ActiveCfg = Release|Win32
		{79C9BBEC-D7C9-4BA3-B2B3-5C3A14A9F24A}.Release|x86.Build.0 = Release|Win32
	EndGlobalSection
	GlobalSection(SolutionProperties) = preSolution
		HideSolutionNode = FALSE
	EndGlobalSection
EndGlobal
